
Microsoft Visual Studio Solution File, Format Version 12.00
# Visual Studio Version 16
VisualStudioVersion = 16.0.30114.105
MinimumVisualStudioVersion = 10.0.40219.1
Project("{FAE04EC0-301F-11D3-BF4B-00C04F79EFBC}") = "AspNetSendGrid", "AspNetSendGrid\AspNetSendGrid.csproj", "{A676D85D-3666-432A-B79F-98972270B04E}"
EndProject
Global
	GlobalSection(SolutionConfigurationPlatforms) = preSolution
		Debug|Any CPU = Debug|Any CPU
		Release|Any CPU = Release|Any CPU
	EndGlobalSection
	GlobalSection(ProjectConfigurationPlatforms) = postSolution
		{A676D85D-3666-432A-B79F-98972270B04E}.Debug|Any CPU.ActiveCfg = Debug|Any CPU
		{A676D85D-3666-432A-B79F-98972270B04E}.Debug|Any CPU.Build.0 = Debug|Any CPU
		{A676D85D-3666-432A-B79F-98972270B04E}.Release|Any CPU.ActiveCfg = Release|Any CPU
		{A676D85D-3666-432A-B79F-98972270B04E}.Release|Any CPU.Build.0 = Release|Any CPU
	EndGlobalSection
	GlobalSection(SolutionProperties) = preSolution
		HideSolutionNode = FALSE
	EndGlobalSection
	GlobalSection(ExtensibilityGlobals) = postSolution
		SolutionGuid = {8854C687-10B6-4638-B8EB-DA0CCD739628}
	EndGlobalSection
EndGlobal
